// !$*UTF8*$!
{
	archiveVersion = 1;
	classes = {
	};
	objectVersion = 48;
	objects = {

/* Begin PBXBuildFile section */
		01A069731F7ADE5900476984 /* AppDelegate.swift in Sources */ = {isa = PBXBuildFile; fileRef = 01A069721F7ADE5900476984 /* AppDelegate.swift */; };
		01A069751F7ADE5900476984 /* ViewController.swift in Sources */ = {isa = PBXBuildFile; fileRef = 01A069741F7ADE5900476984 /* ViewController.swift */; };
		01A069781F7ADE5900476984 /* Main.storyboard in Resources */ = {isa = PBXBuildFile; fileRef = 01A069761F7ADE5900476984 /* Main.storyboard */; };
		01A0697A1F7ADE5900476984 /* Assets.xcassets in Resources */ = {isa = PBXBuildFile; fileRef = 01A069791F7ADE5900476984 /* Assets.xcassets */; };
		01A0697D1F7ADE5900476984 /* LaunchScreen.storyboard in Resources */ = {isa = PBXBuildFile; fileRef = 01A0697B1F7ADE5900476984 /* LaunchScreen.storyboard */; };
		05748044984A44B2019C2E67 /* Pods_GraphPlay.framework in Frameworks */ = {isa = PBXBuildFile; fileRef = 6C6D8AFFBB5072E8BA21A236 /* Pods_GraphPlay.framework */; };
/* End PBXBuildFile section */

/* Begin PBXFileReference section */
		01A0696F1F7ADE5900476984 /* GraphPlay.app */ = {isa = PBXFileReference; explicitFileType = wrapper.application; includeInIndex = 0; path = GraphPlay.app; sourceTree = BUILT_PRODUCTS_DIR; };
		01A069721F7ADE5900476984 /* AppDelegate.swift */ = {isa = PBXFileReference; lastKnownFileType = sourcecode.swift; path = AppDelegate.swift; sourceTree = "<group>"; };
		01A069741F7ADE5900476984 /* ViewController.swift */ = {isa = PBXFileReference; lastKnownFileType = sourcecode.swift; path = ViewController.swift; sourceTree = "<group>"; };
		01A069771F7ADE5900476984 /* Base */ = {isa = PBXFileReference; lastKnownFileType = file.storyboard; name = Base; path = Base.lproj/Main.storyboard; sourceTree = "<group>"; };
		01A069791F7ADE5900476984 /* Assets.xcassets */ = {isa = PBXFileReference; lastKnownFileType = folder.assetcatalog; path = Assets.xcassets; sourceTree = "<group>"; };
		01A0697C1F7ADE5900476984 /* Base */ = {isa = PBXFileReference; lastKnownFileType = file.storyboard; name = Base; path = Base.lproj/LaunchScreen.storyboard; sourceTree = "<group>"; };
		01A0697E1F7ADE5900476984 /* Info.plist */ = {isa = PBXFileReference; lastKnownFileType = text.plist.xml; path = Info.plist; sourceTree = "<group>"; };
		6C6D8AFFBB5072E8BA21A236 /* Pods_GraphPlay.framework */ = {isa = PBXFileReference; explicitFileType = wrapper.framework; includeInIndex = 0; path = Pods_GraphPlay.framework; sourceTree = BUILT_PRODUCTS_DIR; };
		B85F210DD38ADC6A17F1E42B /* Pods-GraphPlay.debug.xcconfig */ = {isa = PBXFileReference; includeInIndex = 1; lastKnownFileType = text.xcconfig; name = "Pods-GraphPlay.debug.xcconfig"; path = "Pods/Target Support Files/Pods-GraphPlay/Pods-GraphPlay.debug.xcconfig"; sourceTree = "<group>"; };
		E9AF5B9298C307664A8DF36A /* Pods-GraphPlay.release.xcconfig */ = {isa = PBXFileReference; includeInIndex = 1; lastKnownFileType = text.xcconfig; name = "Pods-GraphPlay.release.xcconfig"; path = "Pods/Target Support Files/Pods-GraphPlay/Pods-GraphPlay.release.xcconfig"; sourceTree = "<group>"; };
/* End PBXFileReference section */

/* Begin PBXFrameworksBuildPhase section */
		01A0696C1F7ADE5900476984 /* Frameworks */ = {
			isa = PBXFrameworksBuildPhase;
			buildActionMask = 2147483647;
			files = (
				05748044984A44B2019C2E67 /* Pods_GraphPlay.framework in Frameworks */,
			);
			runOnlyForDeploymentPostprocessing = 0;
		};
/* End PBXFrameworksBuildPhase section */

/* Begin PBXGroup section */
		01A069661F7ADE5900476984 = {
			isa = PBXGroup;
			children = (
				01A069711F7ADE5900476984 /* GraphPlay */,
				01A069701F7ADE5900476984 /* Products */,
				D28308F3807ACD63B84C6645 /* Pods */,
				84E8EF7ED551C0907F02E90B /* Frameworks */,
			);
			sourceTree = "<group>";
		};
		01A069701F7ADE5900476984 /* Products */ = {
			isa = PBXGroup;
			children = (
				01A0696F1F7ADE5900476984 /* GraphPlay.app */,
			);
			name = Products;
			sourceTree = "<group>";
		};
		01A069711F7ADE5900476984 /* GraphPlay */ = {
			isa = PBXGroup;
			children = (
				01A069721F7ADE5900476984 /* AppDelegate.swift */,
				01A069741F7ADE5900476984 /* ViewController.swift */,
				01A069761F7ADE5900476984 /* Main.storyboard */,
				01A069791F7ADE5900476984 /* Assets.xcassets */,
				01A0697B1F7ADE5900476984 /* LaunchScreen.storyboard */,
				01A0697E1F7ADE5900476984 /* Info.plist */,
			);
			path = GraphPlay;
			sourceTree = "<group>";
		};
		84E8EF7ED551C0907F02E90B /* Frameworks */ = {
			isa = PBXGroup;
			children = (
				6C6D8AFFBB5072E8BA21A236 /* Pods_GraphPlay.framework */,
			);
			name = Frameworks;
			sourceTree = "<group>";
		};
		D28308F3807ACD63B84C6645 /* Pods */ = {
			isa = PBXGroup;
			children = (
				B85F210DD38ADC6A17F1E42B /* Pods-GraphPlay.debug.xcconfig */,
				E9AF5B9298C307664A8DF36A /* Pods-GraphPlay.release.xcconfig */,
			);
			name = Pods;
			sourceTree = "<group>";
		};
/* End PBXGroup section */

/* Begin PBXNativeTarget section */
		01A0696E1F7ADE5900476984 /* GraphPlay */ = {
			isa = PBXNativeTarget;
			buildConfigurationList = 01A069811F7ADE5900476984 /* Build configuration list for PBXNativeTarget "GraphPlay" */;
			buildPhases = (
				89FC978D0A5C716885CD79AC /* [CP] Check Pods Manifest.lock */,
				01A0696B1F7ADE5900476984 /* Sources */,
				01A0696C1F7ADE5900476984 /* Frameworks */,
				01A0696D1F7ADE5900476984 /* Resources */,
				13102DEBE88C5DE2E9DAB888 /* [CP] Embed Pods Frameworks */,
				46F6AA67BAD6BC91496A3786 /* [CP] Copy Pods Resources */,
			);
			buildRules = (
			);
			dependencies = (
			);
			name = GraphPlay;
			productName = GraphPlay;
			productReference = 01A0696F1F7ADE5900476984 /* GraphPlay.app */;
			productType = "com.apple.product-type.application";
		};
/* End PBXNativeTarget section */

/* Begin PBXProject section */
		01A069671F7ADE5900476984 /* Project object */ = {
			isa = PBXProject;
			attributes = {
				LastSwiftUpdateCheck = 0900;
				LastUpgradeCheck = 0900;
				ORGANIZATIONNAME = JuniFly;
				TargetAttributes = {
					01A0696E1F7ADE5900476984 = {
						CreatedOnToolsVersion = 9.0;
						ProvisioningStyle = Automatic;
					};
				};
			};
			buildConfigurationList = 01A0696A1F7ADE5900476984 /* Build configuration list for PBXProject "GraphPlay" */;
			compatibilityVersion = "Xcode 8.0";
			developmentRegion = en;
			hasScannedForEncodings = 0;
			knownRegions = (
				en,
				Base,
			);
			mainGroup = 01A069661F7ADE5900476984;
			productRefGroup = 01A069701F7ADE5900476984 /* Products */;
			projectDirPath = "";
			projectRoot = "";
			targets = (
				01A0696E1F7ADE5900476984 /* GraphPlay */,
			);
		};
/* End PBXProject section */

/* Begin PBXResourcesBuildPhase section */
		01A0696D1F7ADE5900476984 /* Resources */ = {
			isa = PBXResourcesBuildPhase;
			buildActionMask = 2147483647;
			files = (
				01A0697D1F7ADE5900476984 /* LaunchScreen.storyboard in Resources */,
				01A0697A1F7ADE5900476984 /* Assets.xcassets in Resources */,
				01A069781F7ADE5900476984 /* Main.storyboard in Resources */,
			);
			runOnlyForDeploymentPostprocessing = 0;
		};
/* End PBXResourcesBuildPhase section */

/* Begin PBXShellScriptBuildPhase section */
		13102DEBE88C5DE2E9DAB888 /* [CP] Embed Pods Frameworks */ = {
			isa = PBXShellScriptBuildPhase;
			buildActionMask = 2147483647;
			files = (
			);
			inputPaths = (
				"${SRCROOT}/Pods/Target Support Files/Pods-GraphPlay/Pods-GraphPlay-frameworks.sh",
				"${BUILT_PRODUCTS_DIR}/BEMSimpleLineGraph/BEMSimpleLineGraph.framework",
			);
			name = "[CP] Embed Pods Frameworks";
			outputPaths = (
				"${TARGET_BUILD_DIR}/${FRAMEWORKS_FOLDER_PATH}/BEMSimpleLineGraph.framework",
			);
			runOnlyForDeploymentPostprocessing = 0;
			shellPath = /bin/sh;
			shellScript = "\"${SRCROOT}/Pods/Target Support Files/Pods-GraphPlay/Pods-GraphPlay-frameworks.sh\"\n";
			showEnvVarsInLog = 0;
		};
		46F6AA67BAD6BC91496A3786 /* [CP] Copy Pods Resources */ = {
			isa = PBXShellScriptBuildPhase;
			buildActionMask = 2147483647;
			files = (
			);
			inputPaths = (
			);
			name = "[CP] Copy Pods Resources";
			outputPaths = (
			);
			runOnlyForDeploymentPostprocessing = 0;
			shellPath = /bin/sh;
			shellScript = "\"${SRCROOT}/Pods/Target Support Files/Pods-GraphPlay/Pods-GraphPlay-resources.sh\"\n";
			showEnvVarsInLog = 0;
		};
		89FC978D0A5C716885CD79AC /* [CP] Check Pods Manifest.lock */ = {
			isa = PBXShellScriptBuildPhase;
			buildActionMask = 2147483647;
			files = (
			);
			inputPaths = (
				"${PODS_PODFILE_DIR_PATH}/Podfile.lock",
				"${PODS_ROOT}/Manifest.lock",
			);
			name = "[CP] Check Pods Manifest.lock";
			outputPaths = (
				"$(DERIVED_FILE_DIR)/Pods-GraphPlay-checkManifestLockResult.txt",
			);
			runOnlyForDeploymentPostprocessing = 0;
			shellPath = /bin/sh;
			shellScript = "diff \"${PODS_PODFILE_DIR_PATH}/Podfile.lock\" \"${PODS_ROOT}/Manifest.lock\" > /dev/null\nif [ $? != 0 ] ; then\n    # print error to STDERR\n    echo \"error: The sandbox is not in sync with the Podfile.lock. Run 'pod install' or update your CocoaPods installation.\" >&2\n    exit 1\nfi\n# This output is used by Xcode 'outputs' to avoid re-running this script phase.\necho \"SUCCESS\" > \"${SCRIPT_OUTPUT_FILE_0}\"\n";
			showEnvVarsInLog = 0;
		};
/* End PBXShellScriptBuildPhase section */

/* Begin PBXSourcesBuildPhase section */
		01A0696B1F7ADE5900476984 /* Sources */ = {
			isa = PBXSourcesBuildPhase;
			buildActionMask = 2147483647;
			files = (
				01A069751F7ADE5900476984 /* ViewController.swift in Sources */,
				01A069731F7ADE5900476984 /* AppDelegate.swift in Sources */,
			);
			runOnlyForDeploymentPostprocessing = 0;
		};
/* End PBXSourcesBuildPhase section */

/* Begin PBXVariantGroup section */
		01A069761F7ADE5900476984 /* Main.storyboard */ = {
			isa = PBXVariantGroup;
			children = (
				01A069771F7ADE5900476984 /* Base */,
			);
			name = Main.storyboard;
			sourceTree = "<group>";
		};
		01A0697B1F7ADE5900476984 /* LaunchScreen.storyboard */ = {
			isa = PBXVariantGroup;
			children = (
				01A0697C1F7ADE5900476984 /* Base */,
			);
			name = LaunchScreen.storyboard;
			sourceTree = "<group>";
		};
/* End PBXVariantGroup section */

/* Begin XCBuildConfiguration section */
		01A0697F1F7ADE5900476984 /* Debug */ = {
			isa = XCBuildConfiguration;
			buildSettings = {
				ALWAYS_SEARCH_USER_PATHS = NO;
				CLANG_ANALYZER_NONNULL = YES;
				CLANG_ANALYZER_NUMBER_OBJECT_CONVERSION = YES_AGGRESSIVE;
				CLANG_CXX_LANGUAGE_STANDARD = "gnu++14";
				CLANG_CXX_LIBRARY = "libc++";
				CLANG_ENABLE_MODULES = YES;
				CLANG_ENABLE_OBJC_ARC = YES;
				CLANG_WARN_BLOCK_CAPTURE_AUTORELEASING = YES;
				CLANG_WARN_BOOL_CONVERSION = YES;
				CLANG_WARN_COMMA = YES;
				CLANG_WARN_CONSTANT_CONVERSION = YES;
				CLANG_WARN_DIRECT_OBJC_ISA_USAGE = YES_ERROR;
				CLANG_WARN_DOCUMENTATION_COMMENTS = YES;
				CLANG_WARN_EMPTY_BODY = YES;
				CLANG_WARN_ENUM_CONVERSION = YES;
				CLANG_WARN_INFINITE_RECURSION = YES;
				CLANG_WARN_INT_CONVERSION = YES;
				CLANG_WARN_NON_LITERAL_NULL_CONVERSION = YES;
				CLANG_WARN_OBJC_LITERAL_CONVERSION = YES;
				CLANG_WARN_OBJC_ROOT_CLASS = YES_ERROR;
				CLANG_WARN_RANGE_LOOP_ANALYSIS = YES;
				CLANG_WARN_STRICT_PROTOTYPES = YES;
				CLANG_WARN_SUSPICIOUS_MOVE = YES;
				CLANG_WARN_UNGUARDED_AVAILABILITY = YES_AGGRESSIVE;
				CLANG_WARN_UNREACHABLE_CODE = YES;
				CLANG_WARN__DUPLICATE_METHOD_MATCH = YES;
				CODE_SIGN_IDENTITY = "iPhone Developer";
				COPY_PHASE_STRIP = NO;
				DEBUG_INFORMATION_FORMAT = dwarf;
				ENABLE_STRICT_OBJC_MSGSEND = YES;
				ENABLE_TESTABILITY = YES;
				GCC_C_LANGUAGE_STANDARD = gnu11;
				GCC_DYNAMIC_NO_PIC = NO;
				GCC_NO_COMMON_BLOCKS = YES;
				GCC_OPTIMIZATION_LEVEL = 0;
				GCC_PREPROCESSOR_DEFINITIONS = (
					"DEBUG=1",
					"$(inherited)",
				);
				GCC_WARN_64_TO_32_BIT_CONVERSION = YES;
				GCC_WARN_ABOUT_RETURN_TYPE = YES_ERROR;
				GCC_WARN_UNDECLARED_SELECTOR = YES;
				GCC_WARN_UNINITIALIZED_AUTOS = YES_AGGRESSIVE;
				GCC_WARN_UNUSED_FUNCTION = YES;
				GCC_WARN_UNUSED_VARIABLE = YES;
				IPHONEOS_DEPLOYMENT_TARGET = 11.0;
				MTL_ENABLE_DEBUG_INFO = YES;
				ONLY_ACTIVE_ARCH = YES;
				SDKROOT = iphoneos;
				SWIFT_ACTIVE_COMPILATION_CONDITIONS = DEBUG;
				SWIFT_OPTIMIZATION_LEVEL = "-Onone";
			};
			name = Debug;
		};
		01A069801F7ADE5900476984 /* Release */ = {
			isa = XCBuildConfiguration;
			buildSettings = {
				ALWAYS_SEARCH_USER_PATHS = NO;
				CLANG_ANALYZER_NONNULL = YES;
				CLANG_ANALYZER_NUMBER_OBJECT_CONVERSION = YES_AGGRESSIVE;
				CLANG_CXX_LANGUAGE_STANDARD = "gnu++14";
				CLANG_CXX_LIBRARY = "libc++";
				CLANG_ENABLE_MODULES = YES;
				CLANG_ENABLE_OBJC_ARC = YES;
				CLANG_WARN_BLOCK_CAPTURE_AUTORELEASING = YES;
				CLANG_WARN_BOOL_CONVERSION = YES;
				CLANG_WARN_COMMA = YES;
				CLANG_WARN_CONSTANT_CONVERSION = YES;
				CLANG_WARN_DIRECT_OBJC_ISA_USAGE = YES_ERROR;
				CLANG_WARN_DOCUMENTATION_COMMENTS = YES;
				CLANG_WARN_EMPTY_BODY = YES;
				CLANG_WARN_ENUM_CONVERSION = YES;
				CLANG_WARN_INFINITE_RECURSION = YES;
				CLANG_WARN_INT_CONVERSION = YES;
				CLANG_WARN_NON_LITERAL_NULL_CONVERSION = YES;
				CLANG_WARN_OBJC_LITERAL_CONVERSION = YES;
				CLANG_WARN_OBJC_ROOT_CLASS = YES_ERROR;
				CLANG_WARN_RANGE_LOOP_ANALYSIS = YES;
				CLANG_WARN_STRICT_PROTOTYPES = YES;
				CLANG_WARN_SUSPICIOUS_MOVE = YES;
				CLANG_WARN_UNGUARDED_AVAILABILITY = YES_AGGRESSIVE;
				CLANG_WARN_UNREACHABLE_CODE = YES;
				CLANG_WARN__DUPLICATE_METHOD_MATCH = YES;
				CODE_SIGN_IDENTITY = "iPhone Developer";
				COPY_PHASE_STRIP = NO;
				DEBUG_INFORMATION_FORMAT = "dwarf-with-dsym";
				ENABLE_NS_ASSERTIONS = NO;
				ENABLE_STRICT_OBJC_MSGSEND = YES;
				GCC_C_LANGUAGE_STANDARD = gnu11;
				GCC_NO_COMMON_BLOCKS = YES;
				GCC_WARN_64_TO_32_BIT_CONVERSION = YES;
				GCC_WARN_ABOUT_RETURN_TYPE = YES_ERROR;
				GCC_WARN_UNDECLARED_SELECTOR = YES;
				GCC_WARN_UNINITIALIZED_AUTOS = YES_AGGRESSIVE;
				GCC_WARN_UNUSED_FUNCTION = YES;
				GCC_WARN_UNUSED_VARIABLE = YES;
				IPHONEOS_DEPLOYMENT_TARGET = 11.0;
				MTL_ENABLE_DEBUG_INFO = NO;
				SDKROOT = iphoneos;
				SWIFT_OPTIMIZATION_LEVEL = "-Owholemodule";
				VALIDATE_PRODUCT = YES;
			};
			name = Release;
		};
		01A069821F7ADE5900476984 /* Debug */ = {
			isa = XCBuildConfiguration;
			baseConfigurationReference = B85F210DD38ADC6A17F1E42B /* Pods-GraphPlay.debug.xcconfig */;
			buildSettings = {
				ASSETCATALOG_COMPILER_APPICON_NAME = AppIcon;
				CODE_SIGN_STYLE = Automatic;
				DEVELOPMENT_TEAM = YPU4867LCG;
				INFOPLIST_FILE = GraphPlay/Info.plist;
				LD_RUNPATH_SEARCH_PATHS = "$(inherited) @executable_path/Frameworks";
				PRODUCT_BUNDLE_IDENTIFIER = com.JuniFly.GraphPlay;
				PRODUCT_NAME = "$(TARGET_NAME)";
				SWIFT_VERSION = 4.0;
				TARGETED_DEVICE_FAMILY = "1,2";
			};
			name = Debug;
		};
		01A069831F7ADE5900476984 /* Release */ = {
			isa = XCBuildConfiguration;
			baseConfigurationReference = E9AF5B9298C307664A8DF36A /* Pods-GraphPlay.release.xcconfig */;
			buildSettings = {
				ASSETCATALOG_COMPILER_APPICON_NAME = AppIcon;
				CODE_SIGN_STYLE = Automatic;
				DEVELOPMENT_TEAM = YPU4867LCG;
				INFOPLIST_FILE = GraphPlay/Info.plist;
				LD_RUNPATH_SEARCH_PATHS = "$(inherited) @executable_path/Frameworks";
				PRODUCT_BUNDLE_IDENTIFIER = com.JuniFly.GraphPlay;
				PRODUCT_NAME = "$(TARGET_NAME)";
				SWIFT_VERSION = 4.0;
				TARGETED_DEVICE_FAMILY = "1,2";
			};
			name = Release;
		};
/* End XCBuildConfiguration section */

/* Begin XCConfigurationList section */
		01A0696A1F7ADE5900476984 /* Build configuration list for PBXProject "GraphPlay" */ = {
			isa = XCConfigurationList;
			buildConfigurations = (
				01A0697F1F7ADE5900476984 /* Debug */,
				01A069801F7ADE5900476984 /* Release */,
			);
			defaultConfigurationIsVisible = 0;
			defaultConfigurationName = Release;
		};
		01A069811F7ADE5900476984 /* Build configuration list for PBXNativeTarget "GraphPlay" */ = {
			isa = XCConfigurationList;
			buildConfigurations = (
				01A069821F7ADE5900476984 /* Debug */,
				01A069831F7ADE5900476984 /* Release */,
			);
			defaultConfigurationIsVisible = 0;
			defaultConfigurationName = Release;
		};
/* End XCConfigurationList section */
	};
	rootObject = 01A069671F7ADE5900476984 /* Project object */;
}
